
Microsoft Visual Studio Solution File, Format Version 12.00
# Visual Studio Version 17
VisualStudioVersion = 17.5.002.0
MinimumVisualStudioVersion = 10.0.40219.1
Project("{2150E333-8FDC-42A3-9474-1A3956D46DE8}") = "01-getting-started", "01-getting-started", "{3286B3E0-E119-49C3-96CD-99D1C5E6658B}"
EndProject
Project("{2150E333-8FDC-42A3-9474-1A3956D46DE8}") = "C-Sharp", "C-Sharp", "{24728C39-FBC2-43AB-B215-2AE68635EECE}"
EndProject
Project("{9A19103F-16F7-4668-BE54-9A1E7A4F7556}") = "rest_client", "01-getting-started\C-Sharp\rest-client\rest_client.csproj", "{ED8A05E3-DC1C-44E6-A279-7C232B3154C6}"
EndProject
Project("{9A19103F-16F7-4668-BE54-9A1E7A4F7556}") = "sdk-client", "01-getting-started\C-Sharp\sdk-client\sdk-client.csproj", "{6546D301-68C3-4531-98FC-B8B9EE3BABE1}"
EndProject
Project("{2150E333-8FDC-42A3-9474-1A3956D46DE8}") = "02-cognitive-security", "02-cognitive-security", "{2E290F68-32AF-4C74-96F2-0AF95280D853}"
EndProject
Project("{2150E333-8FDC-42A3-9474-1A3956D46DE8}") = "C-Sharp", "C-Sharp", "{A1A55351-F76E-4FB0-8FEF-00D851E481F7}"
EndProject
Project("{9A19103F-16F7-4668-BE54-9A1E7A4F7556}") = "keyvault_client", "02-cognitive-security\C-Sharp\keyvault_client\keyvault_client.csproj", "{A316731E-8963-44A1-8118-BF92B3EDAE47}"
EndProject
Project("{2150E333-8FDC-42A3-9474-1A3956D46DE8}") = "05-analyze-text", "05-analyze-text", "{E47A0F02-6A24-4E76-809A-456414CEB51F}"
EndProject
Project("{2150E333-8FDC-42A3-9474-1A3956D46DE8}") = "C-Sharp", "C-Sharp", "{D01EE41B-B772-445F-B83D-8BC2580F21B0}"
EndProject
Project("{9A19103F-16F7-4668-BE54-9A1E7A4F7556}") = "text-analysis", "05-analyze-text\C-Sharp\text-analysis\text-analysis.csproj", "{535D9959-F9A8-4BAB-BE90-065143C789E2}"
EndProject
Project("{2150E333-8FDC-42A3-9474-1A3956D46DE8}") = "06-translate-text", "06-translate-text", "{65C7C9F4-93E7-4D00-AB8E-2CC08FA8225B}"
EndProject
Project("{2150E333-8FDC-42A3-9474-1A3956D46DE8}") = "C-Sharp", "C-Sharp", "{4C049FA3-2F01-4C93-827E-99DBC5943F93}"
EndProject
Project("{9A19103F-16F7-4668-BE54-9A1E7A4F7556}") = "translate_text", "06-translate-text\C-Sharp\text-translation\translate_text.csproj", "{58924A07-0D39-4001-A1DD-479C10A8AA70}"
EndProject
Project("{2150E333-8FDC-42A3-9474-1A3956D46DE8}") = "07-speech", "07-speech", "{7D15C3C0-CB7D-41FD-926E-30978A183B32}"
EndProject
Project("{2150E333-8FDC-42A3-9474-1A3956D46DE8}") = "C-Sharp", "C-Sharp", "{FE6197D0-945D-4674-B0D9-0559344F9FBB}"
EndProject
Project("{9A19103F-16F7-4668-BE54-9A1E7A4F7556}") = "speaking-clock", "07-speech\C-Sharp\speaking-clock\speaking-clock.csproj", "{4AB85C5D-5975-4C60-B418-BB5A16EBB574}"
EndProject
Project("{2150E333-8FDC-42A3-9474-1A3956D46DE8}") = "08-speech-translation", "08-speech-translation", "{B646B8E2-432A-4064-B607-7FFCA774B9F2}"
EndProject
Project("{2150E333-8FDC-42A3-9474-1A3956D46DE8}") = "C-Sharp", "C-Sharp", "{3CCD00C1-D8FB-4E2E-BB4C-5417E37508B1}"
EndProject
Project("{9A19103F-16F7-4668-BE54-9A1E7A4F7556}") = "translator", "08-speech-translation\C-Sharp\translator\translator.csproj", "{D79F4C44-084D-439D-BC45-342913E2452E}"
EndProject
Project("{2150E333-8FDC-42A3-9474-1A3956D46DE8}") = "10-luis-client", "10-luis-client", "{309F0708-FD90-4A07-B6B0-14F7BF485856}"
EndProject
Project("{2150E333-8FDC-42A3-9474-1A3956D46DE8}") = "C-Sharp", "C-Sharp", "{790D84F1-9D72-4066-A1A6-D41CA465A041}"
EndProject
Project("{9A19103F-16F7-4668-BE54-9A1E7A4F7556}") = "clock_client", "10-luis-client\C-Sharp\clock-client\clock_client.csproj", "{8A333D90-E1B9-455C-8998-769431BA3530}"
EndProject
Project("{2150E333-8FDC-42A3-9474-1A3956D46DE8}") = "10b-clu-client-(preview)", "10b-clu-client-(preview)", "{937BDD09-1531-4AD7-BF92-2102B5C135AF}"
EndProject
Project("{2150E333-8FDC-42A3-9474-1A3956D46DE8}") = "C-Sharp", "C-Sharp", "{9E11B11E-2DBF-4EDF-9066-0C65F503B61D}"
EndProject
Project("{9A19103F-16F7-4668-BE54-9A1E7A4F7556}") = "clock_client", "10b-clu-client-(preview)\C-Sharp\clock-client\clock_client.csproj", "{09E9DAB8-2258-438C-8891-B87270F833C9}"
EndProject
Project("{2150E333-8FDC-42A3-9474-1A3956D46DE8}") = "11-luis-speech", "11-luis-speech", "{2598AEBB-E728-4946-BB22-1E4547BAE15F}"
EndProject
Project("{2150E333-8FDC-42A3-9474-1A3956D46DE8}") = "C-Sharp", "C-Sharp", "{0785A58F-9899-4D83-A804-0AAC58376D0C}"
EndProject
Project("{9A19103F-16F7-4668-BE54-9A1E7A4F7556}") = "speaking_clock_client", "11-luis-speech\C-Sharp\speaking-clock-client\speaking_clock_client.csproj", "{6AAE60A8-C4DA-4FB3-AE67-72F6AC0E5023}"
EndProject
Project("{2150E333-8FDC-42A3-9474-1A3956D46DE8}") = "15-computer-vision", "15-computer-vision", "{60FC98C9-D30E-4599-AA7A-FB7A93ACD492}"
EndProject
Project("{2150E333-8FDC-42A3-9474-1A3956D46DE8}") = "C-Sharp", "C-Sharp", "{547D6D81-FCF7-4DAF-BD22-AE5C9D7623FC}"
EndProject
Project("{9A19103F-16F7-4668-BE54-9A1E7A4F7556}") = "image-analysis", "15-computer-vision\C-Sharp\image-analysis\image-analysis.csproj", "{15BFE29D-1489-436B-87E8-F88CBD2A12DC}"
EndProject
Project("{2150E333-8FDC-42A3-9474-1A3956D46DE8}") = "17-image-classification", "17-image-classification", "{81872839-A8DB-4FD7-BA95-1BD004C4631B}"
EndProject
Project("{2150E333-8FDC-42A3-9474-1A3956D46DE8}") = "C-Sharp", "C-Sharp", "{5B780990-6D38-453A-91CA-D5FCD3CEA2A9}"
EndProject
Project("{9A19103F-16F7-4668-BE54-9A1E7A4F7556}") = "test-classifier", "17-image-classification\C-Sharp\test-classifier\test-classifier.csproj", "{FB9D8F96-6875-42D0-A514-C229575BD2E6}"
EndProject
Project("{9A19103F-16F7-4668-BE54-9A1E7A4F7556}") = "train-classifier", "17-image-classification\C-Sharp\train-classifier\train-classifier.csproj", "{A340FA19-882B-4ECA-952C-1B5AAF812404}"
EndProject
Project("{2150E333-8FDC-42A3-9474-1A3956D46DE8}") = "18-object-detection", "18-object-detection", "{C3F92D40-E06F-4FF0-AF75-417A71A5DD6F}"
EndProject
Project("{2150E333-8FDC-42A3-9474-1A3956D46DE8}") = "C-Sharp", "C-Sharp", "{738F2662-94AB-4B0A-B284-448077B7FB96}"
EndProject
Project("{9A19103F-16F7-4668-BE54-9A1E7A4F7556}") = "test-detector", "18-object-detection\C-Sharp\test-detector\test-detector.csproj", "{B66DAB21-B79F-4D28-9E9A-26E32136BA6C}"
EndProject
Project("{9A19103F-16F7-4668-BE54-9A1E7A4F7556}") = "train-detector", "18-object-detection\C-Sharp\train-detector\train-detector.csproj", "{5AFD7EBC-D8A9-405E-8D7A-F7447A1B5A20}"
EndProject
Project("{2150E333-8FDC-42A3-9474-1A3956D46DE8}") = "19-face", "19-face", "{B82A5AB0-643C-4061-97B6-D5BFD1865C4C}"
EndProject
Project("{2150E333-8FDC-42A3-9474-1A3956D46DE8}") = "C-Sharp", "C-Sharp", "{85912FE0-C79E-4420-BE4B-4CFE455D8845}"
EndProject
Project("{9A19103F-16F7-4668-BE54-9A1E7A4F7556}") = "detect-faces", "19-face\C-Sharp\computer-vision\detect-faces.csproj", "{6B7F69A0-13EA-4B3C-BE4D-54B4D7D8682C}"
EndProject
Project("{9A19103F-16F7-4668-BE54-9A1E7A4F7556}") = "analyze-faces", "19-face\C-Sharp\face-api\analyze-faces.csproj", "{6C1D0EBD-4DF5-41E5-814C-2AC46FD7EA45}"
EndProject
Project("{2150E333-8FDC-42A3-9474-1A3956D46DE8}") = "20-ocr", "20-ocr", "{A6D53D17-C0F1-43DA-9C67-12626FCD07AE}"
EndProject
Project("{2150E333-8FDC-42A3-9474-1A3956D46DE8}") = "C-Sharp", "C-Sharp", "{029C5C2E-84AD-4BA2-BD56-9E51323701F4}"
EndProject
Project("{9A19103F-16F7-4668-BE54-9A1E7A4F7556}") = "read-text", "20-ocr\C-Sharp\read-text\read-text.csproj", "{2CE2B2B2-FFFF-4E2B-BE6F-584BEF38E581}"
EndProject
Project("{2150E333-8FDC-42A3-9474-1A3956D46DE8}") = "21-custom-form", "21-custom-form", "{4841DE3C-3B39-4797-B03A-81A852F0438D}"
EndProject
Project("{2150E333-8FDC-42A3-9474-1A3956D46DE8}") = "C-Sharp", "C-Sharp", "{36DEDBB0-9CB5-4CD2-A58C-AFA7A33A6801}"
EndProject
Project("{9A19103F-16F7-4668-BE54-9A1E7A4F7556}") = "test-model", "21-custom-form\C-Sharp\test-model\test-model.csproj", "{7858E4B2-F973-4F39-B301-25F92AEE7002}"
EndProject
Project("{9A19103F-16F7-4668-BE54-9A1E7A4F7556}") = "train-model", "21-custom-form\C-Sharp\train-model\train-model.csproj", "{0E101D58-2319-4E80-91A3-423E018272E4}"
EndProject
Project("{2150E333-8FDC-42A3-9474-1A3956D46DE8}") = "22-Create-a-search-solution", "22-Create-a-search-solution", "{8B6C608D-085D-4EC3-9F87-A400DCACDC5F}"
EndProject
Project("{2150E333-8FDC-42A3-9474-1A3956D46DE8}") = "C-Sharp", "C-Sharp", "{795ABD31-E8BA-47C2-9ABF-C7542ED778BC}"
EndProject
Project("{9A19103F-16F7-4668-BE54-9A1E7A4F7556}") = "search-client", "22-Create-a-search-solution\C-Sharp\margies-travel\search-client.csproj", "{1DCF7213-450B-44E4-90C1-CE05CCCE3AD3}"
EndProject
Global
	GlobalSection(SolutionConfigurationPlatforms) = preSolution
		Debug|Any CPU = Debug|Any CPU
		Release|Any CPU = Release|Any CPU
	EndGlobalSection
	GlobalSection(ProjectConfigurationPlatforms) = postSolution
		{ED8A05E3-DC1C-44E6-A279-7C232B3154C6}.Debug|Any CPU.ActiveCfg = Debug|Any CPU
		{ED8A05E3-DC1C-44E6-A279-7C232B3154C6}.Debug|Any CPU.Build.0 = Debug|Any CPU
		{ED8A05E3-DC1C-44E6-A279-7C232B3154C6}.Release|Any CPU.ActiveCfg = Release|Any CPU
		{ED8A05E3-DC1C-44E6-A279-7C232B3154C6}.Release|Any CPU.Build.0 = Release|Any CPU
		{6546D301-68C3-4531-98FC-B8B9EE3BABE1}.Debug|Any CPU.ActiveCfg = Debug|Any CPU
		{6546D301-68C3-4531-98FC-B8B9EE3BABE1}.Debug|Any CPU.Build.0 = Debug|Any CPU
		{6546D301-68C3-4531-98FC-B8B9EE3BABE1}.Release|Any CPU.ActiveCfg = Release|Any CPU
		{6546D301-68C3-4531-98FC-B8B9EE3BABE1}.Release|Any CPU.Build.0 = Release|Any CPU
		{A316731E-8963-44A1-8118-BF92B3EDAE47}.Debug|Any CPU.ActiveCfg = Debug|Any CPU
		{A316731E-8963-44A1-8118-BF92B3EDAE47}.Debug|Any CPU.Build.0 = Debug|Any CPU
		{A316731E-8963-44A1-8118-BF92B3EDAE47}.Release|Any CPU.ActiveCfg = Release|Any CPU
		{A316731E-8963-44A1-8118-BF92B3EDAE47}.Release|Any CPU.Build.0 = Release|Any CPU
		{535D9959-F9A8-4BAB-BE90-065143C789E2}.Debug|Any CPU.ActiveCfg = Debug|Any CPU
		{535D9959-F9A8-4BAB-BE90-065143C789E2}.Debug|Any CPU.Build.0 = Debug|Any CPU
		{535D9959-F9A8-4BAB-BE90-065143C789E2}.Release|Any CPU.ActiveCfg = Release|Any CPU
		{535D9959-F9A8-4BAB-BE90-065143C789E2}.Release|Any CPU.Build.0 = Release|Any CPU
		{58924A07-0D39-4001-A1DD-479C10A8AA70}.Debug|Any CPU.ActiveCfg = Debug|Any CPU
		{58924A07-0D39-4001-A1DD-479C10A8AA70}.Debug|Any CPU.Build.0 = Debug|Any CPU
		{58924A07-0D39-4001-A1DD-479C10A8AA70}.Release|Any CPU.ActiveCfg = Release|Any CPU
		{58924A07-0D39-4001-A1DD-479C10A8AA70}.Release|Any CPU.Build.0 = Release|Any CPU
		{4AB85C5D-5975-4C60-B418-BB5A16EBB574}.Debug|Any CPU.ActiveCfg = Debug|Any CPU
		{4AB85C5D-5975-4C60-B418-BB5A16EBB574}.Debug|Any CPU.Build.0 = Debug|Any CPU
		{4AB85C5D-5975-4C60-B418-BB5A16EBB574}.Release|Any CPU.ActiveCfg = Release|Any CPU
		{4AB85C5D-5975-4C60-B418-BB5A16EBB574}.Release|Any CPU.Build.0 = Release|Any CPU
		{D79F4C44-084D-439D-BC45-342913E2452E}.Debug|Any CPU.ActiveCfg = Debug|Any CPU
		{D79F4C44-084D-439D-BC45-342913E2452E}.Debug|Any CPU.Build.0 = Debug|Any CPU
		{D79F4C44-084D-439D-BC45-342913E2452E}.Release|Any CPU.ActiveCfg = Release|Any CPU
		{D79F4C44-084D-439D-BC45-342913E2452E}.Release|Any CPU.Build.0 = Release|Any CPU
		{8A333D90-E1B9-455C-8998-769431BA3530}.Debug|Any CPU.ActiveCfg = Debug|Any CPU
		{8A333D90-E1B9-455C-8998-769431BA3530}.Debug|Any CPU.Build.0 = Debug|Any CPU
		{8A333D90-E1B9-455C-8998-769431BA3530}.Release|Any CPU.ActiveCfg = Release|Any CPU
		{8A333D90-E1B9-455C-8998-769431BA3530}.Release|Any CPU.Build.0 = Release|Any CPU
		{09E9DAB8-2258-438C-8891-B87270F833C9}.Debug|Any CPU.ActiveCfg = Debug|Any CPU
		{09E9DAB8-2258-438C-8891-B87270F833C9}.Debug|Any CPU.Build.0 = Debug|Any CPU
		{09E9DAB8-2258-438C-8891-B87270F833C9}.Release|Any CPU.ActiveCfg = Release|Any CPU
		{09E9DAB8-2258-438C-8891-B87270F833C9}.Release|Any CPU.Build.0 = Release|Any CPU
		{6AAE60A8-C4DA-4FB3-AE67-72F6AC0E5023}.Debug|Any CPU.ActiveCfg = Debug|Any CPU
		{6AAE60A8-C4DA-4FB3-AE67-72F6AC0E5023}.Debug|Any CPU.Build.0 = Debug|Any CPU
		{6AAE60A8-C4DA-4FB3-AE67-72F6AC0E5023}.Release|Any CPU.ActiveCfg = Release|Any CPU
		{6AAE60A8-C4DA-4FB3-AE67-72F6AC0E5023}.Release|Any CPU.Build.0 = Release|Any CPU
		{15BFE29D-1489-436B-87E8-F88CBD2A12DC}.Debug|Any CPU.ActiveCfg = Debug|Any CPU
		{15BFE29D-1489-436B-87E8-F88CBD2A12DC}.Debug|Any CPU.Build.0 = Debug|Any CPU
		{15BFE29D-1489-436B-87E8-F88CBD2A12DC}.Release|Any CPU.ActiveCfg = Release|Any CPU
		{15BFE29D-1489-436B-87E8-F88CBD2A12DC}.Release|Any CPU.Build.0 = Release|Any CPU
		{FB9D8F96-6875-42D0-A514-C229575BD2E6}.Debug|Any CPU.ActiveCfg = Debug|Any CPU
		{FB9D8F96-6875-42D0-A514-C229575BD2E6}.Debug|Any CPU.Build.0 = Debug|Any CPU
		{FB9D8F96-6875-42D0-A514-C229575BD2E6}.Release|Any CPU.ActiveCfg = Release|Any CPU
		{FB9D8F96-6875-42D0-A514-C229575BD2E6}.Release|Any CPU.Build.0 = Release|Any CPU
		{A340FA19-882B-4ECA-952C-1B5AAF812404}.Debug|Any CPU.ActiveCfg = Debug|Any CPU
		{A340FA19-882B-4ECA-952C-1B5AAF812404}.Debug|Any CPU.Build.0 = Debug|Any CPU
		{A340FA19-882B-4ECA-952C-1B5AAF812404}.Release|Any CPU.ActiveCfg = Release|Any CPU
		{A340FA19-882B-4ECA-952C-1B5AAF812404}.Release|Any CPU.Build.0 = Release|Any CPU
		{B66DAB21-B79F-4D28-9E9A-26E32136BA6C}.Debug|Any CPU.ActiveCfg = Debug|Any CPU
		{B66DAB21-B79F-4D28-9E9A-26E32136BA6C}.Debug|Any CPU.Build.0 = Debug|Any CPU
		{B66DAB21-B79F-4D28-9E9A-26E32136BA6C}.Release|Any CPU.ActiveCfg = Release|Any CPU
		{B66DAB21-B79F-4D28-9E9A-26E32136BA6C}.Release|Any CPU.Build.0 = Release|Any CPU
		{5AFD7EBC-D8A9-405E-8D7A-F7447A1B5A20}.Debug|Any CPU.ActiveCfg = Debug|Any CPU
		{5AFD7EBC-D8A9-405E-8D7A-F7447A1B5A20}.Debug|Any CPU.Build.0 = Debug|Any CPU
		{5AFD7EBC-D8A9-405E-8D7A-F7447A1B5A20}.Release|Any CPU.ActiveCfg = Release|Any CPU
		{5AFD7EBC-D8A9-405E-8D7A-F7447A1B5A20}.Release|Any CPU.Build.0 = Release|Any CPU
		{6B7F69A0-13EA-4B3C-BE4D-54B4D7D8682C}.Debug|Any CPU.ActiveCfg = Debug|Any CPU
		{6B7F69A0-13EA-4B3C-BE4D-54B4D7D8682C}.Debug|Any CPU.Build.0 = Debug|Any CPU
		{6B7F69A0-13EA-4B3C-BE4D-54B4D7D8682C}.Release|Any CPU.ActiveCfg = Release|Any CPU
		{6B7F69A0-13EA-4B3C-BE4D-54B4D7D8682C}.Release|Any CPU.Build.0 = Release|Any CPU
		{6C1D0EBD-4DF5-41E5-814C-2AC46FD7EA45}.Debug|Any CPU.ActiveCfg = Debug|Any CPU
		{6C1D0EBD-4DF5-41E5-814C-2AC46FD7EA45}.Debug|Any CPU.Build.0 = Debug|Any CPU
		{6C1D0EBD-4DF5-41E5-814C-2AC46FD7EA45}.Release|Any CPU.ActiveCfg = Release|Any CPU
		{6C1D0EBD-4DF5-41E5-814C-2AC46FD7EA45}.Release|Any CPU.Build.0 = Release|Any CPU
		{2CE2B2B2-FFFF-4E2B-BE6F-584BEF38E581}.Debug|Any CPU.ActiveCfg = Debug|Any CPU
		{2CE2B2B2-FFFF-4E2B-BE6F-584BEF38E581}.Debug|Any CPU.Build.0 = Debug|Any CPU
		{2CE2B2B2-FFFF-4E2B-BE6F-584BEF38E581}.Release|Any CPU.ActiveCfg = Release|Any CPU
		{2CE2B2B2-FFFF-4E2B-BE6F-584BEF38E581}.Release|Any CPU.Build.0 = Release|Any CPU
		{7858E4B2-F973-4F39-B301-25F92AEE7002}.Debug|Any CPU.ActiveCfg = Debug|Any CPU
		{7858E4B2-F973-4F39-B301-25F92AEE7002}.Debug|Any CPU.Build.0 = Debug|Any CPU
		{7858E4B2-F973-4F39-B301-25F92AEE7002}.Release|Any CPU.ActiveCfg = Release|Any CPU
		{7858E4B2-F973-4F39-B301-25F92AEE7002}.Release|Any CPU.Build.0 = Release|Any CPU
		{0E101D58-2319-4E80-91A3-423E018272E4}.Debug|Any CPU.ActiveCfg = Debug|Any CPU
		{0E101D58-2319-4E80-91A3-423E018272E4}.Debug|Any CPU.Build.0 = Debug|Any CPU
		{0E101D58-2319-4E80-91A3-423E018272E4}.Release|Any CPU.ActiveCfg = Release|Any CPU
		{0E101D58-2319-4E80-91A3-423E018272E4}.Release|Any CPU.Build.0 = Release|Any CPU
		{1DCF7213-450B-44E4-90C1-CE05CCCE3AD3}.Debug|Any CPU.ActiveCfg = Debug|Any CPU
		{1DCF7213-450B-44E4-90C1-CE05CCCE3AD3}.Debug|Any CPU.Build.0 = Debug|Any CPU
		{1DCF7213-450B-44E4-90C1-CE05CCCE3AD3}.Release|Any CPU.ActiveCfg = Release|Any CPU
		{1DCF7213-450B-44E4-90C1-CE05CCCE3AD3}.Release|Any CPU.Build.0 = Release|Any CPU
	EndGlobalSection
	GlobalSection(SolutionProperties) = preSolution
		HideSolutionNode = FALSE
	EndGlobalSection
	GlobalSection(NestedProjects) = preSolution
		{24728C39-FBC2-43AB-B215-2AE68635EECE} = {3286B3E0-E119-49C3-96CD-99D1C5E6658B}
		{ED8A05E3-DC1C-44E6-A279-7C232B3154C6} = {24728C39-FBC2-43AB-B215-2AE68635EECE}
		{6546D301-68C3-4531-98FC-B8B9EE3BABE1} = {24728C39-FBC2-43AB-B215-2AE68635EECE}
		{A1A55351-F76E-4FB0-8FEF-00D851E481F7} = {2E290F68-32AF-4C74-96F2-0AF95280D853}
		{A316731E-8963-44A1-8118-BF92B3EDAE47} = {A1A55351-F76E-4FB0-8FEF-00D851E481F7}
		{D01EE41B-B772-445F-B83D-8BC2580F21B0} = {E47A0F02-6A24-4E76-809A-456414CEB51F}
		{535D9959-F9A8-4BAB-BE90-065143C789E2} = {D01EE41B-B772-445F-B83D-8BC2580F21B0}
		{4C049FA3-2F01-4C93-827E-99DBC5943F93} = {65C7C9F4-93E7-4D00-AB8E-2CC08FA8225B}
		{58924A07-0D39-4001-A1DD-479C10A8AA70} = {4C049FA3-2F01-4C93-827E-99DBC5943F93}
		{FE6197D0-945D-4674-B0D9-0559344F9FBB} = {7D15C3C0-CB7D-41FD-926E-30978A183B32}
		{4AB85C5D-5975-4C60-B418-BB5A16EBB574} = {FE6197D0-945D-4674-B0D9-0559344F9FBB}
		{3CCD00C1-D8FB-4E2E-BB4C-5417E37508B1} = {B646B8E2-432A-4064-B607-7FFCA774B9F2}
		{D79F4C44-084D-439D-BC45-342913E2452E} = {3CCD00C1-D8FB-4E2E-BB4C-5417E37508B1}
		{790D84F1-9D72-4066-A1A6-D41CA465A041} = {309F0708-FD90-4A07-B6B0-14F7BF485856}
		{8A333D90-E1B9-455C-8998-769431BA3530} = {790D84F1-9D72-4066-A1A6-D41CA465A041}
		{9E11B11E-2DBF-4EDF-9066-0C65F503B61D} = {937BDD09-1531-4AD7-BF92-2102B5C135AF}
		{09E9DAB8-2258-438C-8891-B87270F833C9} = {9E11B11E-2DBF-4EDF-9066-0C65F503B61D}
		{0785A58F-9899-4D83-A804-0AAC58376D0C} = {2598AEBB-E728-4946-BB22-1E4547BAE15F}
		{6AAE60A8-C4DA-4FB3-AE67-72F6AC0E5023} = {0785A58F-9899-4D83-A804-0AAC58376D0C}
		{547D6D81-FCF7-4DAF-BD22-AE5C9D7623FC} = {60FC98C9-D30E-4599-AA7A-FB7A93ACD492}
		{15BFE29D-1489-436B-87E8-F88CBD2A12DC} = {547D6D81-FCF7-4DAF-BD22-AE5C9D7623FC}
		{5B780990-6D38-453A-91CA-D5FCD3CEA2A9} = {81872839-A8DB-4FD7-BA95-1BD004C4631B}
		{FB9D8F96-6875-42D0-A514-C229575BD2E6} = {5B780990-6D38-453A-91CA-D5FCD3CEA2A9}
		{A340FA19-882B-4ECA-952C-1B5AAF812404} = {5B780990-6D38-453A-91CA-D5FCD3CEA2A9}
		{738F2662-94AB-4B0A-B284-448077B7FB96} = {C3F92D40-E06F-4FF0-AF75-417A71A5DD6F}
		{B66DAB21-B79F-4D28-9E9A-26E32136BA6C} = {738F2662-94AB-4B0A-B284-448077B7FB96}
		{5AFD7EBC-D8A9-405E-8D7A-F7447A1B5A20} = {738F2662-94AB-4B0A-B284-448077B7FB96}
		{85912FE0-C79E-4420-BE4B-4CFE455D8845} = {B82A5AB0-643C-4061-97B6-D5BFD1865C4C}
		{6B7F69A0-13EA-4B3C-BE4D-54B4D7D8682C} = {85912FE0-C79E-4420-BE4B-4CFE455D8845}
		{6C1D0EBD-4DF5-41E5-814C-2AC46FD7EA45} = {85912FE0-C79E-4420-BE4B-4CFE455D8845}
		{029C5C2E-84AD-4BA2-BD56-9E51323701F4} = {A6D53D17-C0F1-43DA-9C67-12626FCD07AE}
		{2CE2B2B2-FFFF-4E2B-BE6F-584BEF38E581} = {029C5C2E-84AD-4BA2-BD56-9E51323701F4}
		{36DEDBB0-9CB5-4CD2-A58C-AFA7A33A6801} = {4841DE3C-3B39-4797-B03A-81A852F0438D}
		{7858E4B2-F973-4F39-B301-25F92AEE7002} = {36DEDBB0-9CB5-4CD2-A58C-AFA7A33A6801}
		{0E101D58-2319-4E80-91A3-423E018272E4} = {36DEDBB0-9CB5-4CD2-A58C-AFA7A33A6801}
		{795ABD31-E8BA-47C2-9ABF-C7542ED778BC} = {8B6C608D-085D-4EC3-9F87-A400DCACDC5F}
		{1DCF7213-450B-44E4-90C1-CE05CCCE3AD3} = {795ABD31-E8BA-47C2-9ABF-C7542ED778BC}
	EndGlobalSection
	GlobalSection(ExtensibilityGlobals) = postSolution
		SolutionGuid = {EF8DA263-1ECF-4A5D-82E6-C9F0912CE788}
	EndGlobalSection
EndGlobal
